
Microsoft Visual Studio Solution File, Format Version 12.00
# Visual Studio Version 17
VisualStudioVersion = 17.8.34511.84
MinimumVisualStudioVersion = 10.0.40219.1
Project("{9A19103F-16F7-4668-BE54-9A1E7A4F7556}") = "FightIpsum", "LoremGeneric.Web\FightIpsum.csproj", "{022D0589-F008-47CE-8F86-E8CEFDA53F75}"
EndProject
Global
	GlobalSection(SolutionConfigurationPlatforms) = preSolution
		Debug|Any CPU = Debug|Any CPU
		Release|Any CPU = Release|Any CPU
	EndGlobalSection
	GlobalSection(ProjectConfigurationPlatforms) = postSolution
		{022D0589-F008-47CE-8F86-E8CEFDA53F75}.Debug|Any CPU.ActiveCfg = Debug|Any CPU
		{022D0589-F008-47CE-8F86-E8CEFDA53F75}.Debug|Any CPU.Build.0 = Debug|Any CPU
		{022D0589-F008-47CE-8F86-E8CEFDA53F75}.Release|Any CPU.ActiveCfg = Release|Any CPU
		{022D0589-F008-47CE-8F86-E8CEFDA53F75}.Release|Any CPU.Build.0 = Release|Any CPU
	EndGlobalSection
	GlobalSection(SolutionProperties) = preSolution
		HideSolutionNode = FALSE
	EndGlobalSection
	GlobalSection(ExtensibilityGlobals) = postSolution
		SolutionGuid = {DD6AC515-4F19-4305-8895-05E769161EB6}
	EndGlobalSection
EndGlobal
